
Microsoft Visual Studio Solution File, Format Version 12.00
# Visual Studio Version 16
VisualStudioVersion = 16.0.30517.126
MinimumVisualStudioVersion = 10.0.40219.1
Project("{FAE04EC0-301F-11D3-BF4B-00C04F79EFBC}") = "ChatSys", "ChatSys\ChatSys.csproj", "{6F432062-B39E-4825-BC24-F09F557EEFBC}"
EndProject
Global
	GlobalSection(SolutionConfigurationPlatforms) = preSolution
		Debug|Any CPU = Debug|Any CPU
		Release|Any CPU = Release|Any CPU
	EndGlobalSection
	GlobalSection(ProjectConfigurationPlatforms) = postSolution
		{6F432062-B39E-4825-BC24-F09F557EEFBC}.Debug|Any CPU.ActiveCfg = Debug|Any CPU
		{6F432062-B39E-4825-BC24-F09F557EEFBC}.Debug|Any CPU.Build.0 = Debug|Any CPU
		{6F432062-B39E-4825-BC24-F09F557EEFBC}.Release|Any CPU.ActiveCfg = Release|Any CPU
		{6F432062-B39E-4825-BC24-F09F557EEFBC}.Release|Any CPU.Build.0 = Release|Any CPU
	EndGlobalSection
	GlobalSection(SolutionProperties) = preSolution
		HideSolutionNode = FALSE
	EndGlobalSection
	GlobalSection(ExtensibilityGlobals) = postSolution
		SolutionGuid = {9C210495-FA4C-4A84-955E-B43C7736AFD1}
	EndGlobalSection
EndGlobal
